
Microsoft Visual Studio Solution File, Format Version 12.00
# Visual Studio Version 17
VisualStudioVersion = 17.10.35013.160
MinimumVisualStudioVersion = 10.0.40219.1
Project("{FAE04EC0-301F-11D3-BF4B-00C04F79EFBC}") = "WinFormsApp1", "WinFormsApp1\WinFormsApp1.csproj", "{CC79770A-BA09-4ED4-AD05-12B20BF95349}"
EndProject
Global
	GlobalSection(SolutionConfigurationPlatforms) = preSolution
		Debug|Any CPU = Debug|Any CPU
		Release|Any CPU = Release|Any CPU
	EndGlobalSection
	GlobalSection(ProjectConfigurationPlatforms) = postSolution
		{CC79770A-BA09-4ED4-AD05-12B20BF95349}.Debug|Any CPU.ActiveCfg = Debug|Any CPU
		{CC79770A-BA09-4ED4-AD05-12B20BF95349}.Debug|Any CPU.Build.0 = Debug|Any CPU
		{CC79770A-BA09-4ED4-AD05-12B20BF95349}.Release|Any CPU.ActiveCfg = Release|Any CPU
		{CC79770A-BA09-4ED4-AD05-12B20BF95349}.Release|Any CPU.Build.0 = Release|Any CPU
	EndGlobalSection
	GlobalSection(SolutionProperties) = preSolution
		HideSolutionNode = FALSE
	EndGlobalSection
	GlobalSection(ExtensibilityGlobals) = postSolution
		SolutionGuid = {E80C694D-2503-4033-A75F-4FBE68177F05}
	EndGlobalSection
EndGlobal
